
Microsoft Visual Studio Solution File, Format Version 12.00
# Visual Studio Version 17
VisualStudioVersion = 17.1.32421.90
MinimumVisualStudioVersion = 10.0.40219.1
Project("{FAE04EC0-301F-11D3-BF4B-00C04F79EFBC}") = "TrackerLibary", "TrackerLibary\TrackerLibary.csproj", "{AF010FBE-6839-4F12-89B1-5D6F111694F0}"
EndProject
Global
	GlobalSection(SolutionConfigurationPlatforms) = preSolution
		Debug|Any CPU = Debug|Any CPU
		Release|Any CPU = Release|Any CPU
	EndGlobalSection
	GlobalSection(ProjectConfigurationPlatforms) = postSolution
		{AF010FBE-6839-4F12-89B1-5D6F111694F0}.Debug|Any CPU.ActiveCfg = Debug|Any CPU
		{AF010FBE-6839-4F12-89B1-5D6F111694F0}.Debug|Any CPU.Build.0 = Debug|Any CPU
		{AF010FBE-6839-4F12-89B1-5D6F111694F0}.Release|Any CPU.ActiveCfg = Release|Any CPU
		{AF010FBE-6839-4F12-89B1-5D6F111694F0}.Release|Any CPU.Build.0 = Release|Any CPU
	EndGlobalSection
	GlobalSection(SolutionProperties) = preSolution
		HideSolutionNode = FALSE
	EndGlobalSection
	GlobalSection(ExtensibilityGlobals) = postSolution
		SolutionGuid = {95A9FE2E-BE41-4325-A049-379E854CB765}
	EndGlobalSection
EndGlobal
